{
  "object": {
    "pins": [
      {
        "package": "Rainbow",
        "repositoryURL": "https://github.com/onevcat/Rainbow",
        "state": {
          "branch": null,
          "revision": "797a68d0a642609424b08f11eb56974a54d5f6e2",
          "version": "3.1.4"
        }
      },
      {
        "package": "swift-argument-parser",
        "repositoryURL": "https://github.com/apple/swift-argument-parser",
        "state": {
          "branch": null,
          "revision": "e1465042f195f374b94f915ba8ca49de24300a0d",
          "version": "1.0.2"
        }
      },
      {
        "package": "swift-log",
        "repositoryURL": "https://github.com/apple/swift-log.git",
        "state": {
          "branch": null,
          "revision": "74d7b91ceebc85daf387ebb206003f78813f71aa",
          "version": "1.2.0"
        }
      },
      {
        "package": "swift-system",
        "repositoryURL": "https://github.com/apple/swift-system",
        "state": {
          "branch": null,
          "revision": "025bcb1165deab2e20d4eaba79967ce73013f496",
          "version": "1.2.1"
        }
      },
      {
        "package": "SwiftLEB",
        "repositoryURL": "https://github.com/akkyie/SwiftLEB",
        "state": {
          "branch": null,
          "revision": "200c21588c0126c2d4cab89f2776ee5296a3b90a",
          "version": "0.1.1"
        }
      }
    ]
  },
  "version": 1
}
